{
  "nodes": {
    "chatgpt-desktop": {
      "inputs": {
        "nixpkgs": [
          "nixpkgs"
        ]
      },
      "locked": {
        "lastModified": 1789876817,
        "lfs": true,
        "narHash": "sha256-/AL1rJ2LzWL74/h8yS66G+fRAwf2VJtEEBE76nJn//M=",
        "ref": "refs/heads/main",
        "rev": "e5612213e3043d000d4695945d4743e5e25375a6",
        "revCount": 1,
        "type": "git",
        "url": "https://github.com/joe-broder15/chatgpt-desktop-nix-flake.git"
      },
      "original": {
        "lfs": true,
        "type": "git",
        "url": "https://github.com/joe-broder15/chatgpt-desktop-nix-flake.git"
      }
    },
    "home-manager": {
      "inputs": {
        "nixpkgs": [
          "nixpkgs"
        ]
      },
      "locked": {
        "lastModified": 1790225410,
        "narHash": "sha256-BOyZoliWfm/beS4m3FxFKlu5at6npZen1PsWtvzzihk=",
        "owner": "nix-community",
        "repo": "home-manager",
        "rev": "4900baf1e219645e4a2acba35723852b2091bc20",
        "type": "github"
      },
      "original": {
        "owner": "nix-community",
        "repo": "home-manager",
        "type": "github"
      }
    },
    "nixpkgs": {
      "locked": {
        "lastModified": 1790185690,
        "narHash": "sha256-xJ+X4hBtOcAFGBOe5nAMyMUeF9foJBmIOu3NjBqBycU=",
        "owner": "NixOS",
        "repo": "nixpkgs",
        "rev": "4975466d324710c576dc11ad614684e6bd8cad8e",
        "type": "github"
      },
      "original": {
        "owner": "NixOS",
        "ref": "nixos-unstable",
        "repo": "nixpkgs",
        "type": "github"
      }
    },
    "root": {
      "inputs": {
        "chatgpt-desktop": "chatgpt-desktop",
        "home-manager": "home-manager",
        "nixpkgs": "nixpkgs",
        "sops-nix": "sops-nix"
      }
    },
    "sops-nix": {
      "inputs": {
        "nixpkgs": [
          "nixpkgs"
        ]
      },
      "locked": {
        "lastModified": 1789890976,
        "narHash": "sha256-GKwH3zpy7tartuJMG0Rv/xUsdetG1QLmTVv8UKgJLmA=",
        "owner": "Mic92",
        "repo": "sops-nix",
        "rev": "7214124c20c1542c90deb54af50e2f53ae02711f",
        "type": "github"
      },
      "original": {
        "owner": "Mic92",
        "repo": "sops-nix",
        "type": "github"
      }
    }
  },
  "root": "root",
  "version": 7
}
